
Microsoft Visual Studio Solution File, Format Version 12.00
Project("{FAE04EC0-301F-11D3-BF4B-00C04F79EFBC}") = "UserAccessCheck", "UserAccessCheck.csproj", "{F72650B4-3AAA-4B6B-8D6A-A0132E57548A}"
EndProject
Global
	GlobalSection(SolutionConfigurationPlatforms) = preSolution
		Debug|Any CPU = Debug|Any CPU
		Release|Any CPU = Release|Any CPU
	EndGlobalSection
	GlobalSection(ProjectConfigurationPlatforms) = postSolution
		{F72650B4-3AAA-4B6B-8D6A-A0132E57548A}.Debug|Any CPU.ActiveCfg = Debug|Any CPU
		{F72650B4-3AAA-4B6B-8D6A-A0132E57548A}.Debug|Any CPU.Build.0 = Debug|Any CPU
		{F72650B4-3AAA-4B6B-8D6A-A0132E57548A}.Release|Any CPU.ActiveCfg = Release|Any CPU
		{F72650B4-3AAA-4B6B-8D6A-A0132E57548A}.Release|Any CPU.Build.0 = Release|Any CPU
	EndGlobalSection
EndGlobal
